// !$*UTF8*$!
{
	archiveVersion = 1;
	classes = {
	};
	objectVersion = 46;
	objects = {

/* Begin PBXBuildFile section */
		F00250E61F230E570045B118 /* main.m in Sources */ = {isa = PBXBuildFile; fileRef = F00250E51F230E570045B118 /* main.m */; };
		F00250E91F230E570045B118 /* AppDelegate.m in Sources */ = {isa = PBXBuildFile; fileRef = F00250E81F230E570045B118 /* AppDelegate.m */; };
		F00250EC1F230E570045B118 /* ViewController.m in Sources */ = {isa = PBXBuildFile; fileRef = F00250EB1F230E570045B118 /* ViewController.m */; };
		F00250EF1F230E570045B118 /* Main.storyboard in Resources */ = {isa = PBXBuildFile; fileRef = F00250ED1F230E570045B118 /* Main.storyboard */; };
		F00250F11F230E570045B118 /* Assets.xcassets in Resources */ = {isa = PBXBuildFile; fileRef = F00250F01F230E570045B118 /* Assets.xcassets */; };
		F00250F41F230E570045B118 /* LaunchScreen.storyboard in Resources */ = {isa = PBXBuildFile; fileRef = F00250F21F230E570045B118 /* LaunchScreen.storyboard */; };
		F00250FF1F230E570045B118 /* TPDelegateMatrioskaDemoTests.m in Sources */ = {isa = PBXBuildFile; fileRef = F00250FE1F230E570045B118 /* TPDelegateMatrioskaDemoTests.m */; };
		F002510A1F230E570045B118 /* TPDelegateMatrioskaDemoUITests.m in Sources */ = {isa = PBXBuildFile; fileRef = F00251091F230E570045B118 /* TPDelegateMatrioskaDemoUITests.m */; };
/* End PBXBuildFile section */

/* Begin PBXContainerItemProxy section */
		F00250FB1F230E570045B118 /* PBXContainerItemProxy */ = {
			isa = PBXContainerItemProxy;
			containerPortal = F00250D91F230E570045B118 /* Project object */;
			proxyType = 1;
			remoteGlobalIDString = F00250E01F230E570045B118;
			remoteInfo = TPDelegateMatrioskaDemo;
		};
		F00251061F230E570045B118 /* PBXContainerItemProxy */ = {
			isa = PBXContainerItemProxy;
			containerPortal = F00250D91F230E570045B118 /* Project object */;
			proxyType = 1;
			remoteGlobalIDString = F00250E01F230E570045B118;
			remoteInfo = TPDelegateMatrioskaDemo;
		};
/* End PBXContainerItemProxy section */

/* Begin PBXFileReference section */
		F00250E11F230E570045B118 /* TPDelegateMatrioskaDemo.app */ = {isa = PBXFileReference; explicitFileType = wrapper.application; includeInIndex = 0; path = TPDelegateMatrioskaDemo.app; sourceTree = BUILT_PRODUCTS_DIR; };
		F00250E51F230E570045B118 /* main.m */ = {isa = PBXFileReference; lastKnownFileType = sourcecode.c.objc; path = main.m; sourceTree = "<group>"; };
		F00250E71F230E570045B118 /* AppDelegate.h */ = {isa = PBXFileReference; lastKnownFileType = sourcecode.c.h; path = AppDelegate.h; sourceTree = "<group>"; };
		F00250E81F230E570045B118 /* AppDelegate.m */ = {isa = PBXFileReference; lastKnownFileType = sourcecode.c.objc; path = AppDelegate.m; sourceTree = "<group>"; };
		F00250EA1F230E570045B118 /* ViewController.h */ = {isa = PBXFileReference; lastKnownFileType = sourcecode.c.h; path = ViewController.h; sourceTree = "<group>"; };
		F00250EB1F230E570045B118 /* ViewController.m */ = {isa = PBXFileReference; lastKnownFileType = sourcecode.c.objc; path = ViewController.m; sourceTree = "<group>"; };
		F00250EE1F230E570045B118 /* Base */ = {isa = PBXFileReference; lastKnownFileType = file.storyboard; name = Base; path = Base.lproj/Main.storyboard; sourceTree = "<group>"; };
		F00250F01F230E570045B118 /* Assets.xcassets */ = {isa = PBXFileReference; lastKnownFileType = folder.assetcatalog; path = Assets.xcassets; sourceTree = "<group>"; };
		F00250F31F230E570045B118 /* Base */ = {isa = PBXFileReference; lastKnownFileType = file.storyboard; name = Base; path = Base.lproj/LaunchScreen.storyboard; sourceTree = "<group>"; };
		F00250F51F230E570045B118 /* Info.plist */ = {isa = PBXFileReference; lastKnownFileType = text.plist.xml; path = Info.plist; sourceTree = "<group>"; };
		F00250FA1F230E570045B118 /* TPDelegateMatrioskaDemoTests.xctest */ = {isa = PBXFileReference; explicitFileType = wrapper.cfbundle; includeInIndex = 0; path = TPDelegateMatrioskaDemoTests.xctest; sourceTree = BUILT_PRODUCTS_DIR; };
		F00250FE1F230E570045B118 /* TPDelegateMatrioskaDemoTests.m */ = {isa = PBXFileReference; lastKnownFileType = sourcecode.c.objc; path = TPDelegateMatrioskaDemoTests.m; sourceTree = "<group>"; };
		F00251001F230E570045B118 /* Info.plist */ = {isa = PBXFileReference; lastKnownFileType = text.plist.xml; path = Info.plist; sourceTree = "<group>"; };
		F00251051F230E570045B118 /* TPDelegateMatrioskaDemoUITests.xctest */ = {isa = PBXFileReference; explicitFileType = wrapper.cfbundle; includeInIndex = 0; path = TPDelegateMatrioskaDemoUITests.xctest; sourceTree = BUILT_PRODUCTS_DIR; };
		F00251091F230E570045B118 /* TPDelegateMatrioskaDemoUITests.m */ = {isa = PBXFileReference; lastKnownFileType = sourcecode.c.objc; path = TPDelegateMatrioskaDemoUITests.m; sourceTree = "<group>"; };
		F002510B1F230E570045B118 /* Info.plist */ = {isa = PBXFileReference; lastKnownFileType = text.plist.xml; path = Info.plist; sourceTree = "<group>"; };
/* End PBXFileReference section */

/* Begin PBXFrameworksBuildPhase section */
		F00250DE1F230E570045B118 /* Frameworks */ = {
			isa = PBXFrameworksBuildPhase;
			buildActionMask = 2147483647;
			files = (
			);
			runOnlyForDeploymentPostprocessing = 0;
		};
		F00250F71F230E570045B118 /* Frameworks */ = {
			isa = PBXFrameworksBuildPhase;
			buildActionMask = 2147483647;
			files = (
			);
			runOnlyForDeploymentPostprocessing = 0;
		};
		F00251021F230E570045B118 /* Frameworks */ = {
			isa = PBXFrameworksBuildPhase;
			buildActionMask = 2147483647;
			files = (
			);
			runOnlyForDeploymentPostprocessing = 0;
		};
/* End PBXFrameworksBuildPhase section */

/* Begin PBXGroup section */
		F00250D81F230E570045B118 = {
			isa = PBXGroup;
			children = (
				F00250E31F230E570045B118 /* TPDelegateMatrioskaDemo */,
				F00250FD1F230E570045B118 /* TPDelegateMatrioskaDemoTests */,
				F00251081F230E570045B118 /* TPDelegateMatrioskaDemoUITests */,
				F00250E21F230E570045B118 /* Products */,
			);
			sourceTree = "<group>";
		};
		F00250E21F230E570045B118 /* Products */ = {
			isa = PBXGroup;
			children = (
				F00250E11F230E570045B118 /* TPDelegateMatrioskaDemo.app */,
				F00250FA1F230E570045B118 /* TPDelegateMatrioskaDemoTests.xctest */,
				F00251051F230E570045B118 /* TPDelegateMatrioskaDemoUITests.xctest */,
			);
			name = Products;
			sourceTree = "<group>";
		};
		F00250E31F230E570045B118 /* TPDelegateMatrioskaDemo */ = {
			isa = PBXGroup;
			children = (
				F00250E71F230E570045B118 /* AppDelegate.h */,
				F00250E81F230E570045B118 /* AppDelegate.m */,
				F00250EA1F230E570045B118 /* ViewController.h */,
				F00250EB1F230E570045B118 /* ViewController.m */,
				F00250ED1F230E570045B118 /* Main.storyboard */,
				F00250F01F230E570045B118 /* Assets.xcassets */,
				F00250F21F230E570045B118 /* LaunchScreen.storyboard */,
				F00250F51F230E570045B118 /* Info.plist */,
				F00250E41F230E570045B118 /* Supporting Files */,
			);
			path = TPDelegateMatrioskaDemo;
			sourceTree = "<group>";
		};
		F00250E41F230E570045B118 /* Supporting Files */ = {
			isa = PBXGroup;
			children = (
				F00250E51F230E570045B118 /* main.m */,
			);
			name = "Supporting Files";
			sourceTree = "<group>";
		};
		F00250FD1F230E570045B118 /* TPDelegateMatrioskaDemoTests */ = {
			isa = PBXGroup;
			children = (
				F00250FE1F230E570045B118 /* TPDelegateMatrioskaDemoTests.m */,
				F00251001F230E570045B118 /* Info.plist */,
			);
			path = TPDelegateMatrioskaDemoTests;
			sourceTree = "<group>";
		};
		F00251081F230E570045B118 /* TPDelegateMatrioskaDemoUITests */ = {
			isa = PBXGroup;
			children = (
				F00251091F230E570045B118 /* TPDelegateMatrioskaDemoUITests.m */,
				F002510B1F230E570045B118 /* Info.plist */,
			);
			path = TPDelegateMatrioskaDemoUITests;
			sourceTree = "<group>";
		};
/* End PBXGroup section */

/* Begin PBXNativeTarget section */
		F00250E01F230E570045B118 /* TPDelegateMatrioskaDemo */ = {
			isa = PBXNativeTarget;
			buildConfigurationList = F002510E1F230E570045B118 /* Build configuration list for PBXNativeTarget "TPDelegateMatrioskaDemo" */;
			buildPhases = (
				F00250DD1F230E570045B118 /* Sources */,
				F00250DE1F230E570045B118 /* Frameworks */,
				F00250DF1F230E570045B118 /* Resources */,
			);
			buildRules = (
			);
			dependencies = (
			);
			name = TPDelegateMatrioskaDemo;
			productName = TPDelegateMatrioskaDemo;
			productReference = F00250E11F230E570045B118 /* TPDelegateMatrioskaDemo.app */;
			productType = "com.apple.product-type.application";
		};
		F00250F91F230E570045B118 /* TPDelegateMatrioskaDemoTests */ = {
			isa = PBXNativeTarget;
			buildConfigurationList = F00251111F230E570045B118 /* Build configuration list for PBXNativeTarget "TPDelegateMatrioskaDemoTests" */;
			buildPhases = (
				F00250F61F230E570045B118 /* Sources */,
				F00250F71F230E570045B118 /* Frameworks */,
				F00250F81F230E570045B118 /* Resources */,
			);
			buildRules = (
			);
			dependencies = (
				F00250FC1F230E570045B118 /* PBXTargetDependency */,
			);
			name = TPDelegateMatrioskaDemoTests;
			productName = TPDelegateMatrioskaDemoTests;
			productReference = F00250FA1F230E570045B118 /* TPDelegateMatrioskaDemoTests.xctest */;
			productType = "com.apple.product-type.bundle.unit-test";
		};
		F00251041F230E570045B118 /* TPDelegateMatrioskaDemoUITests */ = {
			isa = PBXNativeTarget;
			buildConfigurationList = F00251141F230E570045B118 /* Build configuration list for PBXNativeTarget "TPDelegateMatrioskaDemoUITests" */;
			buildPhases = (
				F00251011F230E570045B118 /* Sources */,
				F00251021F230E570045B118 /* Frameworks */,
				F00251031F230E570045B118 /* Resources */,
			);
			buildRules = (
			);
			dependencies = (
				F00251071F230E570045B118 /* PBXTargetDependency */,
			);
			name = TPDelegateMatrioskaDemoUITests;
			productName = TPDelegateMatrioskaDemoUITests;
			productReference = F00251051F230E570045B118 /* TPDelegateMatrioskaDemoUITests.xctest */;
			productType = "com.apple.product-type.bundle.ui-testing";
		};
/* End PBXNativeTarget section */

/* Begin PBXProject section */
		F00250D91F230E570045B118 /* Project object */ = {
			isa = PBXProject;
			attributes = {
				LastUpgradeCheck = 0830;
				ORGANIZATIONNAME = Tpphha;
				TargetAttributes = {
					F00250E01F230E570045B118 = {
						CreatedOnToolsVersion = 8.3.2;
						DevelopmentTeam = N9D9Y52FAG;
						ProvisioningStyle = Automatic;
					};
					F00250F91F230E570045B118 = {
						CreatedOnToolsVersion = 8.3.2;
						DevelopmentTeam = N9D9Y52FAG;
						ProvisioningStyle = Automatic;
						TestTargetID = F00250E01F230E570045B118;
					};
					F00251041F230E570045B118 = {
						CreatedOnToolsVersion = 8.3.2;
						DevelopmentTeam = N9D9Y52FAG;
						ProvisioningStyle = Automatic;
						TestTargetID = F00250E01F230E570045B118;
					};
				};
			};
			buildConfigurationList = F00250DC1F230E570045B118 /* Build configuration list for PBXProject "TPDelegateMatrioskaDemo" */;
			compatibilityVersion = "Xcode 3.2";
			developmentRegion = English;
			hasScannedForEncodings = 0;
			knownRegions = (
				en,
				Base,
			);
			mainGroup = F00250D81F230E570045B118;
			productRefGroup = F00250E21F230E570045B118 /* Products */;
			projectDirPath = "";
			projectRoot = "";
			targets = (
				F00250E01F230E570045B118 /* TPDelegateMatrioskaDemo */,
				F00250F91F230E570045B118 /* TPDelegateMatrioskaDemoTests */,
				F00251041F230E570045B118 /* TPDelegateMatrioskaDemoUITests */,
			);
		};
/* End PBXProject section */

/* Begin PBXResourcesBuildPhase section */
		F00250DF1F230E570045B118 /* Resources */ = {
			isa = PBXResourcesBuildPhase;
			buildActionMask = 2147483647;
			files = (
				F00250F41F230E570045B118 /* LaunchScreen.storyboard in Resources */,
				F00250F11F230E570045B118 /* Assets.xcassets in Resources */,
				F00250EF1F230E570045B118 /* Main.storyboard in Resources */,
			);
			runOnlyForDeploymentPostprocessing = 0;
		};
		F00250F81F230E570045B118 /* Resources */ = {
			isa = PBXResourcesBuildPhase;
			buildActionMask = 2147483647;
			files = (
			);
			runOnlyForDeploymentPostprocessing = 0;
		};
		F00251031F230E570045B118 /* Resources */ = {
			isa = PBXResourcesBuildPhase;
			buildActionMask = 2147483647;
			files = (
			);
			runOnlyForDeploymentPostprocessing = 0;
		};
/* End PBXResourcesBuildPhase section */

/* Begin PBXSourcesBuildPhase section */
		F00250DD1F230E570045B118 /* Sources */ = {
			isa = PBXSourcesBuildPhase;
			buildActionMask = 2147483647;
			files = (
				F00250EC1F230E570045B118 /* ViewController.m in Sources */,
				F00250E91F230E570045B118 /* AppDelegate.m in Sources */,
				F00250E61F230E570045B118 /* main.m in Sources */,
			);
			runOnlyForDeploymentPostprocessing = 0;
		};
		F00250F61F230E570045B118 /* Sources */ = {
			isa = PBXSourcesBuildPhase;
			buildActionMask = 2147483647;
			files = (
				F00250FF1F230E570045B118 /* TPDelegateMatrioskaDemoTests.m in Sources */,
			);
			runOnlyForDeploymentPostprocessing = 0;
		};
		F00251011F230E570045B118 /* Sources */ = {
			isa = PBXSourcesBuildPhase;
			buildActionMask = 2147483647;
			files = (
				F002510A1F230E570045B118 /* TPDelegateMatrioskaDemoUITests.m in Sources */,
			);
			runOnlyForDeploymentPostprocessing = 0;
		};
/* End PBXSourcesBuildPhase section */

/* Begin PBXTargetDependency section */
		F00250FC1F230E570045B118 /* PBXTargetDependency */ = {
			isa = PBXTargetDependency;
			target = F00250E01F230E570045B118 /* TPDelegateMatrioskaDemo */;
			targetProxy = F00250FB1F230E570045B118 /* PBXContainerItemProxy */;
		};
		F00251071F230E570045B118 /* PBXTargetDependency */ = {
			isa = PBXTargetDependency;
			target = F00250E01F230E570045B118 /* TPDelegateMatrioskaDemo */;
			targetProxy = F00251061F230E570045B118 /* PBXContainerItemProxy */;
		};
/* End PBXTargetDependency section */

/* Begin PBXVariantGroup section */
		F00250ED1F230E570045B118 /* Main.storyboard */ = {
			isa = PBXVariantGroup;
			children = (
				F00250EE1F230E570045B118 /* Base */,
			);
			name = Main.storyboard;
			sourceTree = "<group>";
		};
		F00250F21F230E570045B118 /* LaunchScreen.storyboard */ = {
			isa = PBXVariantGroup;
			children = (
				F00250F31F230E570045B118 /* Base */,
			);
			name = LaunchScreen.storyboard;
			sourceTree = "<group>";
		};
/* End PBXVariantGroup section */

/* Begin XCBuildConfiguration section */
		F002510C1F230E570045B118 /* Debug */ = {
			isa = XCBuildConfiguration;
			buildSettings = {
				ALWAYS_SEARCH_USER_PATHS = NO;
				CLANG_ANALYZER_NONNULL = YES;
				CLANG_ANALYZER_NUMBER_OBJECT_CONVERSION = YES_AGGRESSIVE;
				CLANG_CXX_LANGUAGE_STANDARD = "gnu++0x";
				CLANG_CXX_LIBRARY = "libc++";
				CLANG_ENABLE_MODULES = YES;
				CLANG_ENABLE_OBJC_ARC = YES;
				CLANG_WARN_BOOL_CONVERSION = YES;
				CLANG_WARN_CONSTANT_CONVERSION = YES;
				CLANG_WARN_DIRECT_OBJC_ISA_USAGE = YES_ERROR;
				CLANG_WARN_DOCUMENTATION_COMMENTS = YES;
				CLANG_WARN_EMPTY_BODY = YES;
				CLANG_WARN_ENUM_CONVERSION = YES;
				CLANG_WARN_INFINITE_RECURSION = YES;
				CLANG_WARN_INT_CONVERSION = YES;
				CLANG_WARN_OBJC_ROOT_CLASS = YES_ERROR;
				CLANG_WARN_SUSPICIOUS_MOVE = YES;
				CLANG_WARN_UNREACHABLE_CODE = YES;
				CLANG_WARN__DUPLICATE_METHOD_MATCH = YES;
				"CODE_SIGN_IDENTITY[sdk=iphoneos*]" = "iPhone Developer";
				COPY_PHASE_STRIP = NO;
				DEBUG_INFORMATION_FORMAT = dwarf;
				ENABLE_STRICT_OBJC_MSGSEND = YES;
				ENABLE_TESTABILITY = YES;
				GCC_C_LANGUAGE_STANDARD = gnu99;
				GCC_DYNAMIC_NO_PIC = NO;
				GCC_NO_COMMON_BLOCKS = YES;
				GCC_OPTIMIZATION_LEVEL = 0;
				GCC_PREPROCESSOR_DEFINITIONS = (
					"DEBUG=1",
					"$(inherited)",
				);
				GCC_WARN_64_TO_32_BIT_CONVERSION = YES;
				GCC_WARN_ABOUT_RETURN_TYPE = YES_ERROR;
				GCC_WARN_UNDECLARED_SELECTOR = YES;
				GCC_WARN_UNINITIALIZED_AUTOS = YES_AGGRESSIVE;
				GCC_WARN_UNUSED_FUNCTION = YES;
				GCC_WARN_UNUSED_VARIABLE = YES;
				IPHONEOS_DEPLOYMENT_TARGET = 10.3;
				MTL_ENABLE_DEBUG_INFO = YES;
				ONLY_ACTIVE_ARCH = YES;
				SDKROOT = iphoneos;
				TARGETED_DEVICE_FAMILY = "1,2";
			};
			name = Debug;
		};
		F002510D1F230E570045B118 /* Release */ = {
			isa = XCBuildConfiguration;
			buildSettings = {
				ALWAYS_SEARCH_USER_PATHS = NO;
				CLANG_ANALYZER_NONNULL = YES;
				CLANG_ANALYZER_NUMBER_OBJECT_CONVERSION = YES_AGGRESSIVE;
				CLANG_CXX_LANGUAGE_STANDARD = "gnu++0x";
				CLANG_CXX_LIBRARY = "libc++";
				CLANG_ENABLE_MODULES = YES;
				CLANG_ENABLE_OBJC_ARC = YES;
				CLANG_WARN_BOOL_CONVERSION = YES;
				CLANG_WARN_CONSTANT_CONVERSION = YES;
				CLANG_WARN_DIRECT_OBJC_ISA_USAGE = YES_ERROR;
				CLANG_WARN_DOCUMENTATION_COMMENTS = YES;
				CLANG_WARN_EMPTY_BODY = YES;
				CLANG_WARN_ENUM_CONVERSION = YES;
				CLANG_WARN_INFINITE_RECURSION = YES;
				CLANG_WARN_INT_CONVERSION = YES;
				CLANG_WARN_OBJC_ROOT_CLASS = YES_ERROR;
				CLANG_WARN_SUSPICIOUS_MOVE = YES;
				CLANG_WARN_UNREACHABLE_CODE = YES;
				CLANG_WARN__DUPLICATE_METHOD_MATCH = YES;
				"CODE_SIGN_IDENTITY[sdk=iphoneos*]" = "iPhone Developer";
				COPY_PHASE_STRIP = NO;
				DEBUG_INFORMATION_FORMAT = "dwarf-with-dsym";
				ENABLE_NS_ASSERTIONS = NO;
				ENABLE_STRICT_OBJC_MSGSEND = YES;
				GCC_C_LANGUAGE_STANDARD = gnu99;
				GCC_NO_COMMON_BLOCKS = YES;
				GCC_WARN_64_TO_32_BIT_CONVERSION = YES;
				GCC_WARN_ABOUT_RETURN_TYPE = YES_ERROR;
				GCC_WARN_UNDECLARED_SELECTOR = YES;
				GCC_WARN_UNINITIALIZED_AUTOS = YES_AGGRESSIVE;
				GCC_WARN_UNUSED_FUNCTION = YES;
				GCC_WARN_UNUSED_VARIABLE = YES;
				IPHONEOS_DEPLOYMENT_TARGET = 10.3;
				MTL_ENABLE_DEBUG_INFO = NO;
				SDKROOT = iphoneos;
				TARGETED_DEVICE_FAMILY = "1,2";
				VALIDATE_PRODUCT = YES;
			};
			name = Release;
		};
		F002510F1F230E570045B118 /* Debug */ = {
			isa = XCBuildConfiguration;
			buildSettings = {
				ASSETCATALOG_COMPILER_APPICON_NAME = AppIcon;
				DEVELOPMENT_TEAM = N9D9Y52FAG;
				INFOPLIST_FILE = TPDelegateMatrioskaDemo/Info.plist;
				LD_RUNPATH_SEARCH_PATHS = "$(inherited) @executable_path/Frameworks";
				PRODUCT_BUNDLE_IDENTIFIER = com.tpphha.www.TPDelegateMatrioskaDemo;
				PRODUCT_NAME = "$(TARGET_NAME)";
			};
			name = Debug;
		};
		F00251101F230E570045B118 /* Release */ = {
			isa = XCBuildConfiguration;
			buildSettings = {
				ASSETCATALOG_COMPILER_APPICON_NAME = AppIcon;
				DEVELOPMENT_TEAM = N9D9Y52FAG;
				INFOPLIST_FILE = TPDelegateMatrioskaDemo/Info.plist;
				LD_RUNPATH_SEARCH_PATHS = "$(inherited) @executable_path/Frameworks";
				PRODUCT_BUNDLE_IDENTIFIER = com.tpphha.www.TPDelegateMatrioskaDemo;
				PRODUCT_NAME = "$(TARGET_NAME)";
			};
			name = Release;
		};
		F00251121F230E570045B118 /* Debug */ = {
			isa = XCBuildConfiguration;
			buildSettings = {
				BUNDLE_LOADER = "$(TEST_HOST)";
				DEVELOPMENT_TEAM = N9D9Y52FAG;
				INFOPLIST_FILE = TPDelegateMatrioskaDemoTests/Info.plist;
				LD_RUNPATH_SEARCH_PATHS = "$(inherited) @executable_path/Frameworks @loader_path/Frameworks";
				PRODUCT_BUNDLE_IDENTIFIER = com.tpphha.www.TPDelegateMatrioskaDemoTests;
				PRODUCT_NAME = "$(TARGET_NAME)";
				TEST_HOST = "$(BUILT_PRODUCTS_DIR)/TPDelegateMatrioskaDemo.app/TPDelegateMatrioskaDemo";
			};
			name = Debug;
		};
		F00251131F230E570045B118 /* Release */ = {
			isa = XCBuildConfiguration;
			buildSettings = {
				BUNDLE_LOADER = "$(TEST_HOST)";
				DEVELOPMENT_TEAM = N9D9Y52FAG;
				INFOPLIST_FILE = TPDelegateMatrioskaDemoTests/Info.plist;
				LD_RUNPATH_SEARCH_PATHS = "$(inherited) @executable_path/Frameworks @loader_path/Frameworks";
				PRODUCT_BUNDLE_IDENTIFIER = com.tpphha.www.TPDelegateMatrioskaDemoTests;
				PRODUCT_NAME = "$(TARGET_NAME)";
				TEST_HOST = "$(BUILT_PRODUCTS_DIR)/TPDelegateMatrioskaDemo.app/TPDelegateMatrioskaDemo";
			};
			name = Release;
		};
		F00251151F230E570045B118 /* Debug */ = {
			isa = XCBuildConfiguration;
			buildSettings = {
				DEVELOPMENT_TEAM = N9D9Y52FAG;
				INFOPLIST_FILE = TPDelegateMatrioskaDemoUITests/Info.plist;
				LD_RUNPATH_SEARCH_PATHS = "$(inherited) @executable_path/Frameworks @loader_path/Frameworks";
				PRODUCT_BUNDLE_IDENTIFIER = com.tpphha.www.TPDelegateMatrioskaDemoUITests;
				PRODUCT_NAME = "$(TARGET_NAME)";
				TEST_TARGET_NAME = TPDelegateMatrioskaDemo;
			};
			name = Debug;
		};
		F00251161F230E570045B118 /* Release */ = {
			isa = XCBuildConfiguration;
			buildSettings = {
				DEVELOPMENT_TEAM = N9D9Y52FAG;
				INFOPLIST_FILE = TPDelegateMatrioskaDemoUITests/Info.plist;
				LD_RUNPATH_SEARCH_PATHS = "$(inherited) @executable_path/Frameworks @loader_path/Frameworks";
				PRODUCT_BUNDLE_IDENTIFIER = com.tpphha.www.TPDelegateMatrioskaDemoUITests;
				PRODUCT_NAME = "$(TARGET_NAME)";
				TEST_TARGET_NAME = TPDelegateMatrioskaDemo;
			};
			name = Release;
		};
/* End XCBuildConfiguration section */

/* Begin XCConfigurationList section */
		F00250DC1F230E570045B118 /* Build configuration list for PBXProject "TPDelegateMatrioskaDemo" */ = {
			isa = XCConfigurationList;
			buildConfigurations = (
				F002510C1F230E570045B118 /* Debug */,
				F002510D1F230E570045B118 /* Release */,
			);
			defaultConfigurationIsVisible = 0;
			defaultConfigurationName = Release;
		};
		F002510E1F230E570045B118 /* Build configuration list for PBXNativeTarget "TPDelegateMatrioskaDemo" */ = {
			isa = XCConfigurationList;
			buildConfigurations = (
				F002510F1F230E570045B118 /* Debug */,
				F00251101F230E570045B118 /* Release */,
			);
			defaultConfigurationIsVisible = 0;
		};
		F00251111F230E570045B118 /* Build configuration list for PBXNativeTarget "TPDelegateMatrioskaDemoTests" */ = {
			isa = XCConfigurationList;
			buildConfigurations = (
				F00251121F230E570045B118 /* Debug */,
				F00251131F230E570045B118 /* Release */,
			);
			defaultConfigurationIsVisible = 0;
		};
		F00251141F230E570045B118 /* Build configuration list for PBXNativeTarget "TPDelegateMatrioskaDemoUITests" */ = {
			isa = XCConfigurationList;
			buildConfigurations = (
				F00251151F230E570045B118 /* Debug */,
				F00251161F230E570045B118 /* Release */,
			);
			defaultConfigurationIsVisible = 0;
		};
/* End XCConfigurationList section */
	};
	rootObject = F00250D91F230E570045B118 /* Project object */;
}
